// !$*UTF8*$!
{
	archiveVersion = 1;
	classes = {
	};
	objectVersion = 48;
	objects = {

/* Begin PBXBuildFile section */
		6838B48F3006B0B2F35D5640 /* Pods_TumblrImagesUITests.framework in Frameworks */ = {isa = PBXBuildFile; fileRef = C7336FF2B6343498D06B2459 /* Pods_TumblrImagesUITests.framework */; };
		AE0150896D63E747E20E92D7 /* Pods_TumblrImagesTests.framework in Frameworks */ = {isa = PBXBuildFile; fileRef = 12005E252206B4B59BDB416E /* Pods_TumblrImagesTests.framework */; };
		AE3B461536DEBF858DF9B9B9 /* Pods_TumblrImages.framework in Frameworks */ = {isa = PBXBuildFile; fileRef = 15DA70DEC51B3F4B9A92BCCD /* Pods_TumblrImages.framework */; };
		C9427EA0201FDFCD004C561A /* PhotoViewController.swift in Sources */ = {isa = PBXBuildFile; fileRef = C9427E9F201FDFCC004C561A /* PhotoViewController.swift */; };
		C9CB7468202282EA00A064ED /* PhotoCell.swift in Sources */ = {isa = PBXBuildFile; fileRef = C9CB7467202282EA00A064ED /* PhotoCell.swift */; };
		C9CE2D64201FDA8900A10B25 /* AppDelegate.swift in Sources */ = {isa = PBXBuildFile; fileRef = C9CE2D63201FDA8900A10B25 /* AppDelegate.swift */; };
		C9CE2D69201FDA8900A10B25 /* Main.storyboard in Resources */ = {isa = PBXBuildFile; fileRef = C9CE2D67201FDA8900A10B25 /* Main.storyboard */; };
		C9CE2D6B201FDA8900A10B25 /* Assets.xcassets in Resources */ = {isa = PBXBuildFile; fileRef = C9CE2D6A201FDA8900A10B25 /* Assets.xcassets */; };
		C9CE2D6E201FDA8900A10B25 /* LaunchScreen.storyboard in Resources */ = {isa = PBXBuildFile; fileRef = C9CE2D6C201FDA8900A10B25 /* LaunchScreen.storyboard */; };
		C9CE2D79201FDA8900A10B25 /* TumblrImagesTests.swift in Sources */ = {isa = PBXBuildFile; fileRef = C9CE2D78201FDA8900A10B25 /* TumblrImagesTests.swift */; };
		C9CE2D84201FDA8900A10B25 /* TumblrImagesUITests.swift in Sources */ = {isa = PBXBuildFile; fileRef = C9CE2D83201FDA8900A10B25 /* TumblrImagesUITests.swift */; };
/* End PBXBuildFile section */

/* Begin PBXContainerItemProxy section */
		C9CE2D75201FDA8900A10B25 /* PBXContainerItemProxy */ = {
			isa = PBXContainerItemProxy;
			containerPortal = C9CE2D58201FDA8900A10B25 /* Project object */;
			proxyType = 1;
			remoteGlobalIDString = C9CE2D5F201FDA8900A10B25;
			remoteInfo = TumblrImages;
		};
		C9CE2D80201FDA8900A10B25 /* PBXContainerItemProxy */ = {
			isa = PBXContainerItemProxy;
			containerPortal = C9CE2D58201FDA8900A10B25 /* Project object */;
			proxyType = 1;
			remoteGlobalIDString = C9CE2D5F201FDA8900A10B25;
			remoteInfo = TumblrImages;
		};
/* End PBXContainerItemProxy section */

/* Begin PBXFileReference section */
		12005E252206B4B59BDB416E /* Pods_TumblrImagesTests.framework */ = {isa = PBXFileReference; explicitFileType = wrapper.framework; includeInIndex = 0; path = Pods_TumblrImagesTests.framework; sourceTree = BUILT_PRODUCTS_DIR; };
		15DA70DEC51B3F4B9A92BCCD /* Pods_TumblrImages.framework */ = {isa = PBXFileReference; explicitFileType = wrapper.framework; includeInIndex = 0; path = Pods_TumblrImages.framework; sourceTree = BUILT_PRODUCTS_DIR; };
		3376F9460ABF6EBDF7D7D4EA /* Pods-TumblrImagesTests.release.xcconfig */ = {isa = PBXFileReference; includeInIndex = 1; lastKnownFileType = text.xcconfig; name = "Pods-TumblrImagesTests.release.xcconfig"; path = "Pods/Target Support Files/Pods-TumblrImagesTests/Pods-TumblrImagesTests.release.xcconfig"; sourceTree = "<group>"; };
		65260D5A4A52A9FB8F511891 /* Pods-TumblrImages.debug.xcconfig */ = {isa = PBXFileReference; includeInIndex = 1; lastKnownFileType = text.xcconfig; name = "Pods-TumblrImages.debug.xcconfig"; path = "Pods/Target Support Files/Pods-TumblrImages/Pods-TumblrImages.debug.xcconfig"; sourceTree = "<group>"; };
		AAA300C575EA8C81790AFC94 /* Pods-TumblrImagesUITests.release.xcconfig */ = {isa = PBXFileReference; includeInIndex = 1; lastKnownFileType = text.xcconfig; name = "Pods-TumblrImagesUITests.release.xcconfig"; path = "Pods/Target Support Files/Pods-TumblrImagesUITests/Pods-TumblrImagesUITests.release.xcconfig"; sourceTree = "<group>"; };
		ACCE47355D360A222FB1245B /* Pods-TumblrImagesUITests.debug.xcconfig */ = {isa = PBXFileReference; includeInIndex = 1; lastKnownFileType = text.xcconfig; name = "Pods-TumblrImagesUITests.debug.xcconfig"; path = "Pods/Target Support Files/Pods-TumblrImagesUITests/Pods-TumblrImagesUITests.debug.xcconfig"; sourceTree = "<group>"; };
		C7336FF2B6343498D06B2459 /* Pods_TumblrImagesUITests.framework */ = {isa = PBXFileReference; explicitFileType = wrapper.framework; includeInIndex = 0; path = Pods_TumblrImagesUITests.framework; sourceTree = BUILT_PRODUCTS_DIR; };
		C9427E9F201FDFCC004C561A /* PhotoViewController.swift */ = {isa = PBXFileReference; lastKnownFileType = sourcecode.swift; name = PhotoViewController.swift; path = /Users/dariomolina/Desktop/TumblrImages/TumblrImages/PhotoViewController.swift; sourceTree = "<absolute>"; };
		C9CB7467202282EA00A064ED /* PhotoCell.swift */ = {isa = PBXFileReference; lastKnownFileType = sourcecode.swift; path = PhotoCell.swift; sourceTree = "<group>"; };
		C9CE2D60201FDA8900A10B25 /* TumblrImages.app */ = {isa = PBXFileReference; explicitFileType = wrapper.application; includeInIndex = 0; path = TumblrImages.app; sourceTree = BUILT_PRODUCTS_DIR; };
		C9CE2D63201FDA8900A10B25 /* AppDelegate.swift */ = {isa = PBXFileReference; lastKnownFileType = sourcecode.swift; path = AppDelegate.swift; sourceTree = "<group>"; };
		C9CE2D68201FDA8900A10B25 /* Base */ = {isa = PBXFileReference; lastKnownFileType = file.storyboard; name = Base; path = Base.lproj/Main.storyboard; sourceTree = "<group>"; };
		C9CE2D6A201FDA8900A10B25 /* Assets.xcassets */ = {isa = PBXFileReference; lastKnownFileType = folder.assetcatalog; path = Assets.xcassets; sourceTree = "<group>"; };
		C9CE2D6D201FDA8900A10B25 /* Base */ = {isa = PBXFileReference; lastKnownFileType = file.storyboard; name = Base; path = Base.lproj/LaunchScreen.storyboard; sourceTree = "<group>"; };
		C9CE2D6F201FDA8900A10B25 /* Info.plist */ = {isa = PBXFileReference; lastKnownFileType = text.plist.xml; path = Info.plist; sourceTree = "<group>"; };
		C9CE2D74201FDA8900A10B25 /* TumblrImagesTests.xctest */ = {isa = PBXFileReference; explicitFileType = wrapper.cfbundle; includeInIndex = 0; path = TumblrImagesTests.xctest; sourceTree = BUILT_PRODUCTS_DIR; };
		C9CE2D78201FDA8900A10B25 /* TumblrImagesTests.swift */ = {isa = PBXFileReference; lastKnownFileType = sourcecode.swift; path = TumblrImagesTests.swift; sourceTree = "<group>"; };
		C9CE2D7A201FDA8900A10B25 /* Info.plist */ = {isa = PBXFileReference; lastKnownFileType = text.plist.xml; path = Info.plist; sourceTree = "<group>"; };
		C9CE2D7F201FDA8900A10B25 /* TumblrImagesUITests.xctest */ = {isa = PBXFileReference; explicitFileType = wrapper.cfbundle; includeInIndex = 0; path = TumblrImagesUITests.xctest; sourceTree = BUILT_PRODUCTS_DIR; };
		C9CE2D83201FDA8900A10B25 /* TumblrImagesUITests.swift */ = {isa = PBXFileReference; lastKnownFileType = sourcecode.swift; path = TumblrImagesUITests.swift; sourceTree = "<group>"; };
		C9CE2D85201FDA8900A10B25 /* Info.plist */ = {isa = PBXFileReference; lastKnownFileType = text.plist.xml; path = Info.plist; sourceTree = "<group>"; };
		DBAA72B565541B07A0C982BE /* Pods-TumblrImagesTests.debug.xcconfig */ = {isa = PBXFileReference; includeInIndex = 1; lastKnownFileType = text.xcconfig; name = "Pods-TumblrImagesTests.debug.xcconfig"; path = "Pods/Target Support Files/Pods-TumblrImagesTests/Pods-TumblrImagesTests.debug.xcconfig"; sourceTree = "<group>"; };
		F2C289CCD447DFAA7E2C8A59 /* Pods-TumblrImages.release.xcconfig */ = {isa = PBXFileReference; includeInIndex = 1; lastKnownFileType = text.xcconfig; name = "Pods-TumblrImages.release.xcconfig"; path = "Pods/Target Support Files/Pods-TumblrImages/Pods-TumblrImages.release.xcconfig"; sourceTree = "<group>"; };
/* End PBXFileReference section */

/* Begin PBXFrameworksBuildPhase section */
		C9CE2D5D201FDA8900A10B25 /* Frameworks */ = {
			isa = PBXFrameworksBuildPhase;
			buildActionMask = 2147483647;
			files = (
				AE3B461536DEBF858DF9B9B9 /* Pods_TumblrImages.framework in Frameworks */,
			);
			runOnlyForDeploymentPostprocessing = 0;
		};
		C9CE2D71201FDA8900A10B25 /* Frameworks */ = {
			isa = PBXFrameworksBuildPhase;
			buildActionMask = 2147483647;
			files = (
				AE0150896D63E747E20E92D7 /* Pods_TumblrImagesTests.framework in Frameworks */,
			);
			runOnlyForDeploymentPostprocessing = 0;
		};
		C9CE2D7C201FDA8900A10B25 /* Frameworks */ = {
			isa = PBXFrameworksBuildPhase;
			buildActionMask = 2147483647;
			files = (
				6838B48F3006B0B2F35D5640 /* Pods_TumblrImagesUITests.framework in Frameworks */,
			);
			runOnlyForDeploymentPostprocessing = 0;
		};
/* End PBXFrameworksBuildPhase section */

/* Begin PBXGroup section */
		444E8C826538F537EC8B49C2 /* Pods */ = {
			isa = PBXGroup;
			children = (
				65260D5A4A52A9FB8F511891 /* Pods-TumblrImages.debug.xcconfig */,
				F2C289CCD447DFAA7E2C8A59 /* Pods-TumblrImages.release.xcconfig */,
				DBAA72B565541B07A0C982BE /* Pods-TumblrImagesTests.debug.xcconfig */,
				3376F9460ABF6EBDF7D7D4EA /* Pods-TumblrImagesTests.release.xcconfig */,
				ACCE47355D360A222FB1245B /* Pods-TumblrImagesUITests.debug.xcconfig */,
				AAA300C575EA8C81790AFC94 /* Pods-TumblrImagesUITests.release.xcconfig */,
			);
			name = Pods;
			sourceTree = "<group>";
		};
		8F8AD54E7C7F405F360800FE /* Frameworks */ = {
			isa = PBXGroup;
			children = (
				15DA70DEC51B3F4B9A92BCCD /* Pods_TumblrImages.framework */,
				12005E252206B4B59BDB416E /* Pods_TumblrImagesTests.framework */,
				C7336FF2B6343498D06B2459 /* Pods_TumblrImagesUITests.framework */,
			);
			name = Frameworks;
			sourceTree = "<group>";
		};
		C9CE2D57201FDA8800A10B25 = {
			isa = PBXGroup;
			children = (
				C9CE2D62201FDA8900A10B25 /* TumblrImages */,
				C9CE2D77201FDA8900A10B25 /* TumblrImagesTests */,
				C9CE2D82201FDA8900A10B25 /* TumblrImagesUITests */,
				C9CE2D61201FDA8900A10B25 /* Products */,
				444E8C826538F537EC8B49C2 /* Pods */,
				8F8AD54E7C7F405F360800FE /* Frameworks */,
			);
			sourceTree = "<group>";
		};
		C9CE2D61201FDA8900A10B25 /* Products */ = {
			isa = PBXGroup;
			children = (
				C9CE2D60201FDA8900A10B25 /* TumblrImages.app */,
				C9CE2D74201FDA8900A10B25 /* TumblrImagesTests.xctest */,
				C9CE2D7F201FDA8900A10B25 /* TumblrImagesUITests.xctest */,
			);
			name = Products;
			sourceTree = "<group>";
		};
		C9CE2D62201FDA8900A10B25 /* TumblrImages */ = {
			isa = PBXGroup;
			children = (
				C9CB7467202282EA00A064ED /* PhotoCell.swift */,
				C9427E9F201FDFCC004C561A /* PhotoViewController.swift */,
				C9CE2D63201FDA8900A10B25 /* AppDelegate.swift */,
				C9CE2D67201FDA8900A10B25 /* Main.storyboard */,
				C9CE2D6A201FDA8900A10B25 /* Assets.xcassets */,
				C9CE2D6C201FDA8900A10B25 /* LaunchScreen.storyboard */,
				C9CE2D6F201FDA8900A10B25 /* Info.plist */,
			);
			path = TumblrImages;
			sourceTree = "<group>";
		};
		C9CE2D77201FDA8900A10B25 /* TumblrImagesTests */ = {
			isa = PBXGroup;
			children = (
				C9CE2D78201FDA8900A10B25 /* TumblrImagesTests.swift */,
				C9CE2D7A201FDA8900A10B25 /* Info.plist */,
			);
			path = TumblrImagesTests;
			sourceTree = "<group>";
		};
		C9CE2D82201FDA8900A10B25 /* TumblrImagesUITests */ = {
			isa = PBXGroup;
			children = (
				C9CE2D83201FDA8900A10B25 /* TumblrImagesUITests.swift */,
				C9CE2D85201FDA8900A10B25 /* Info.plist */,
			);
			path = TumblrImagesUITests;
			sourceTree = "<group>";
		};
/* End PBXGroup section */

/* Begin PBXNativeTarget section */
		C9CE2D5F201FDA8900A10B25 /* TumblrImages */ = {
			isa = PBXNativeTarget;
			buildConfigurationList = C9CE2D88201FDA8900A10B25 /* Build configuration list for PBXNativeTarget "TumblrImages" */;
			buildPhases = (
				CD0C886363DFCE45966BE3EA /* [CP] Check Pods Manifest.lock */,
				C9CE2D5C201FDA8900A10B25 /* Sources */,
				C9CE2D5D201FDA8900A10B25 /* Frameworks */,
				C9CE2D5E201FDA8900A10B25 /* Resources */,
				D8BB7DB991753CD828EB0BD4 /* [CP] Embed Pods Frameworks */,
				B53A02205A7DC04207B2A6D9 /* [CP] Copy Pods Resources */,
			);
			buildRules = (
			);
			dependencies = (
			);
			name = TumblrImages;
			productName = TumblrImages;
			productReference = C9CE2D60201FDA8900A10B25 /* TumblrImages.app */;
			productType = "com.apple.product-type.application";
		};
		C9CE2D73201FDA8900A10B25 /* TumblrImagesTests */ = {
			isa = PBXNativeTarget;
			buildConfigurationList = C9CE2D8B201FDA8900A10B25 /* Build configuration list for PBXNativeTarget "TumblrImagesTests" */;
			buildPhases = (
				050CA92C9D794B3493057EEE /* [CP] Check Pods Manifest.lock */,
				C9CE2D70201FDA8900A10B25 /* Sources */,
				C9CE2D71201FDA8900A10B25 /* Frameworks */,
				C9CE2D72201FDA8900A10B25 /* Resources */,
				FB21CA27CD3BB77BEFAF96C8 /* [CP] Embed Pods Frameworks */,
				EA3259986BFA3AA17357D749 /* [CP] Copy Pods Resources */,
			);
			buildRules = (
			);
			dependencies = (
				C9CE2D76201FDA8900A10B25 /* PBXTargetDependency */,
			);
			name = TumblrImagesTests;
			productName = TumblrImagesTests;
			productReference = C9CE2D74201FDA8900A10B25 /* TumblrImagesTests.xctest */;
			productType = "com.apple.product-type.bundle.unit-test";
		};
		C9CE2D7E201FDA8900A10B25 /* TumblrImagesUITests */ = {
			isa = PBXNativeTarget;
			buildConfigurationList = C9CE2D8E201FDA8900A10B25 /* Build configuration list for PBXNativeTarget "TumblrImagesUITests" */;
			buildPhases = (
				9639E36768A84BE41DF65E54 /* [CP] Check Pods Manifest.lock */,
				C9CE2D7B201FDA8900A10B25 /* Sources */,
				C9CE2D7C201FDA8900A10B25 /* Frameworks */,
				C9CE2D7D201FDA8900A10B25 /* Resources */,
				A21E667CF1903E74F83A1718 /* [CP] Embed Pods Frameworks */,
				1FA6799C4CA9A9238AC08371 /* [CP] Copy Pods Resources */,
			);
			buildRules = (
			);
			dependencies = (
				C9CE2D81201FDA8900A10B25 /* PBXTargetDependency */,
			);
			name = TumblrImagesUITests;
			productName = TumblrImagesUITests;
			productReference = C9CE2D7F201FDA8900A10B25 /* TumblrImagesUITests.xctest */;
			productType = "com.apple.product-type.bundle.ui-testing";
		};
/* End PBXNativeTarget section */

/* Begin PBXProject section */
		C9CE2D58201FDA8900A10B25 /* Project object */ = {
			isa = PBXProject;
			attributes = {
				LastSwiftUpdateCheck = 0920;
				LastUpgradeCheck = 0920;
				ORGANIZATIONNAME = "Dario Molina";
				TargetAttributes = {
					C9CE2D5F201FDA8900A10B25 = {
						CreatedOnToolsVersion = 9.2;
						ProvisioningStyle = Automatic;
					};
					C9CE2D73201FDA8900A10B25 = {
						CreatedOnToolsVersion = 9.2;
						ProvisioningStyle = Automatic;
						TestTargetID = C9CE2D5F201FDA8900A10B25;
					};
					C9CE2D7E201FDA8900A10B25 = {
						CreatedOnToolsVersion = 9.2;
						ProvisioningStyle = Automatic;
						TestTargetID = C9CE2D5F201FDA8900A10B25;
					};
				};
			};
			buildConfigurationList = C9CE2D5B201FDA8900A10B25 /* Build configuration list for PBXProject "TumblrImages" */;
			compatibilityVersion = "Xcode 8.0";
			developmentRegion = en;
			hasScannedForEncodings = 0;
			knownRegions = (
				en,
				Base,
			);
			mainGroup = C9CE2D57201FDA8800A10B25;
			productRefGroup = C9CE2D61201FDA8900A10B25 /* Products */;
			projectDirPath = "";
			projectRoot = "";
			targets = (
				C9CE2D5F201FDA8900A10B25 /* TumblrImages */,
				C9CE2D73201FDA8900A10B25 /* TumblrImagesTests */,
				C9CE2D7E201FDA8900A10B25 /* TumblrImagesUITests */,
			);
		};
/* End PBXProject section */

/* Begin PBXResourcesBuildPhase section */
		C9CE2D5E201FDA8900A10B25 /* Resources */ = {
			isa = PBXResourcesBuildPhase;
			buildActionMask = 2147483647;
			files = (
				C9CE2D6E201FDA8900A10B25 /* LaunchScreen.storyboard in Resources */,
				C9CE2D6B201FDA8900A10B25 /* Assets.xcassets in Resources */,
				C9CE2D69201FDA8900A10B25 /* Main.storyboard in Resources */,
			);
			runOnlyForDeploymentPostprocessing = 0;
		};
		C9CE2D72201FDA8900A10B25 /* Resources */ = {
			isa = PBXResourcesBuildPhase;
			buildActionMask = 2147483647;
			files = (
			);
			runOnlyForDeploymentPostprocessing = 0;
		};
		C9CE2D7D201FDA8900A10B25 /* Resources */ = {
			isa = PBXResourcesBuildPhase;
			buildActionMask = 2147483647;
			files = (
			);
			runOnlyForDeploymentPostprocessing = 0;
		};
/* End PBXResourcesBuildPhase section */

/* Begin PBXShellScriptBuildPhase section */
		050CA92C9D794B3493057EEE /* [CP] Check Pods Manifest.lock */ = {
			isa = PBXShellScriptBuildPhase;
			buildActionMask = 2147483647;
			files = (
			);
			inputPaths = (
				"${PODS_PODFILE_DIR_PATH}/Podfile.lock",
				"${PODS_ROOT}/Manifest.lock",
			);
			name = "[CP] Check Pods Manifest.lock";
			outputPaths = (
				"$(DERIVED_FILE_DIR)/Pods-TumblrImagesTests-checkManifestLockResult.txt",
			);
			runOnlyForDeploymentPostprocessing = 0;
			shellPath = /bin/sh;
			shellScript = "diff \"${PODS_PODFILE_DIR_PATH}/Podfile.lock\" \"${PODS_ROOT}/Manifest.lock\" > /dev/null\nif [ $? != 0 ] ; then\n    # print error to STDERR\n    echo \"error: The sandbox is not in sync with the Podfile.lock. Run 'pod install' or update your CocoaPods installation.\" >&2\n    exit 1\nfi\n# This output is used by Xcode 'outputs' to avoid re-running this script phase.\necho \"SUCCESS\" > \"${SCRIPT_OUTPUT_FILE_0}\"\n";
			showEnvVarsInLog = 0;
		};
		1FA6799C4CA9A9238AC08371 /* [CP] Copy Pods Resources */ = {
			isa = PBXShellScriptBuildPhase;
			buildActionMask = 2147483647;
			files = (
			);
			inputPaths = (
			);
			name = "[CP] Copy Pods Resources";
			outputPaths = (
			);
			runOnlyForDeploymentPostprocessing = 0;
			shellPath = /bin/sh;
			shellScript = "\"${SRCROOT}/Pods/Target Support Files/Pods-TumblrImagesUITests/Pods-TumblrImagesUITests-resources.sh\"\n";
			showEnvVarsInLog = 0;
		};
		9639E36768A84BE41DF65E54 /* [CP] Check Pods Manifest.lock */ = {
			isa = PBXShellScriptBuildPhase;
			buildActionMask = 2147483647;
			files = (
			);
			inputPaths = (
				"${PODS_PODFILE_DIR_PATH}/Podfile.lock",
				"${PODS_ROOT}/Manifest.lock",
			);
			name = "[CP] Check Pods Manifest.lock";
			outputPaths = (
				"$(DERIVED_FILE_DIR)/Pods-TumblrImagesUITests-checkManifestLockResult.txt",
			);
			runOnlyForDeploymentPostprocessing = 0;
			shellPath = /bin/sh;
			shellScript = "diff \"${PODS_PODFILE_DIR_PATH}/Podfile.lock\" \"${PODS_ROOT}/Manifest.lock\" > /dev/null\nif [ $? != 0 ] ; then\n    # print error to STDERR\n    echo \"error: The sandbox is not in sync with the Podfile.lock. Run 'pod install' or update your CocoaPods installation.\" >&2\n    exit 1\nfi\n# This output is used by Xcode 'outputs' to avoid re-running this script phase.\necho \"SUCCESS\" > \"${SCRIPT_OUTPUT_FILE_0}\"\n";
			showEnvVarsInLog = 0;
		};
		A21E667CF1903E74F83A1718 /* [CP] Embed Pods Frameworks */ = {
			isa = PBXShellScriptBuildPhase;
			buildActionMask = 2147483647;
			files = (
			);
			inputPaths = (
			);
			name = "[CP] Embed Pods Frameworks";
			outputPaths = (
			);
			runOnlyForDeploymentPostprocessing = 0;
			shellPath = /bin/sh;
			shellScript = "\"${SRCROOT}/Pods/Target Support Files/Pods-TumblrImagesUITests/Pods-TumblrImagesUITests-frameworks.sh\"\n";
			showEnvVarsInLog = 0;
		};
		B53A02205A7DC04207B2A6D9 /* [CP] Copy Pods Resources */ = {
			isa = PBXShellScriptBuildPhase;
			buildActionMask = 2147483647;
			files = (
			);
			inputPaths = (
			);
			name = "[CP] Copy Pods Resources";
			outputPaths = (
			);
			runOnlyForDeploymentPostprocessing = 0;
			shellPath = /bin/sh;
			shellScript = "\"${SRCROOT}/Pods/Target Support Files/Pods-TumblrImages/Pods-TumblrImages-resources.sh\"\n";
			showEnvVarsInLog = 0;
		};
		CD0C886363DFCE45966BE3EA /* [CP] Check Pods Manifest.lock */ = {
			isa = PBXShellScriptBuildPhase;
			buildActionMask = 2147483647;
			files = (
			);
			inputPaths = (
				"${PODS_PODFILE_DIR_PATH}/Podfile.lock",
				"${PODS_ROOT}/Manifest.lock",
			);
			name = "[CP] Check Pods Manifest.lock";
			outputPaths = (
				"$(DERIVED_FILE_DIR)/Pods-TumblrImages-checkManifestLockResult.txt",
			);
			runOnlyForDeploymentPostprocessing = 0;
			shellPath = /bin/sh;
			shellScript = "diff \"${PODS_PODFILE_DIR_PATH}/Podfile.lock\" \"${PODS_ROOT}/Manifest.lock\" > /dev/null\nif [ $? != 0 ] ; then\n    # print error to STDERR\n    echo \"error: The sandbox is not in sync with the Podfile.lock. Run 'pod install' or update your CocoaPods installation.\" >&2\n    exit 1\nfi\n# This output is used by Xcode 'outputs' to avoid re-running this script phase.\necho \"SUCCESS\" > \"${SCRIPT_OUTPUT_FILE_0}\"\n";
			showEnvVarsInLog = 0;
		};
		D8BB7DB991753CD828EB0BD4 /* [CP] Embed Pods Frameworks */ = {
			isa = PBXShellScriptBuildPhase;
			buildActionMask = 2147483647;
			files = (
			);
			inputPaths = (
				"${SRCROOT}/Pods/Target Support Files/Pods-TumblrImages/Pods-TumblrImages-frameworks.sh",
				"${BUILT_PRODUCTS_DIR}/Alamofire/Alamofire.framework",
				"${BUILT_PRODUCTS_DIR}/AlamofireImage/AlamofireImage.framework",
				"${BUILT_PRODUCTS_DIR}/OAuthSwift/OAuthSwift.framework",
				"${BUILT_PRODUCTS_DIR}/OAuthSwiftAlamofire/OAuthSwiftAlamofire.framework",
			);
			name = "[CP] Embed Pods Frameworks";
			outputPaths = (
				"${TARGET_BUILD_DIR}/${FRAMEWORKS_FOLDER_PATH}/Alamofire.framework",
				"${TARGET_BUILD_DIR}/${FRAMEWORKS_FOLDER_PATH}/AlamofireImage.framework",
				"${TARGET_BUILD_DIR}/${FRAMEWORKS_FOLDER_PATH}/OAuthSwift.framework",
				"${TARGET_BUILD_DIR}/${FRAMEWORKS_FOLDER_PATH}/OAuthSwiftAlamofire.framework",
			);
			runOnlyForDeploymentPostprocessing = 0;
			shellPath = /bin/sh;
			shellScript = "\"${SRCROOT}/Pods/Target Support Files/Pods-TumblrImages/Pods-TumblrImages-frameworks.sh\"\n";
			showEnvVarsInLog = 0;
		};
		EA3259986BFA3AA17357D749 /* [CP] Copy Pods Resources */ = {
			isa = PBXShellScriptBuildPhase;
			buildActionMask = 2147483647;
			files = (
			);
			inputPaths = (
			);
			name = "[CP] Copy Pods Resources";
			outputPaths = (
			);
			runOnlyForDeploymentPostprocessing = 0;
			shellPath = /bin/sh;
			shellScript = "\"${SRCROOT}/Pods/Target Support Files/Pods-TumblrImagesTests/Pods-TumblrImagesTests-resources.sh\"\n";
			showEnvVarsInLog = 0;
		};
		FB21CA27CD3BB77BEFAF96C8 /* [CP] Embed Pods Frameworks */ = {
			isa = PBXShellScriptBuildPhase;
			buildActionMask = 2147483647;
			files = (
			);
			inputPaths = (
			);
			name = "[CP] Embed Pods Frameworks";
			outputPaths = (
			);
			runOnlyForDeploymentPostprocessing = 0;
			shellPath = /bin/sh;
			shellScript = "\"${SRCROOT}/Pods/Target Support Files/Pods-TumblrImagesTests/Pods-TumblrImagesTests-frameworks.sh\"\n";
			showEnvVarsInLog = 0;
		};
/* End PBXShellScriptBuildPhase section */

/* Begin PBXSourcesBuildPhase section */
		C9CE2D5C201FDA8900A10B25 /* Sources */ = {
			isa = PBXSourcesBuildPhase;
			buildActionMask = 2147483647;
			files = (
				C9CE2D64201FDA8900A10B25 /* AppDelegate.swift in Sources */,
				C9CB7468202282EA00A064ED /* PhotoCell.swift in Sources */,
				C9427EA0201FDFCD004C561A /* PhotoViewController.swift in Sources */,
			);
			runOnlyForDeploymentPostprocessing = 0;
		};
		C9CE2D70201FDA8900A10B25 /* Sources */ = {
			isa = PBXSourcesBuildPhase;
			buildActionMask = 2147483647;
			files = (
				C9CE2D79201FDA8900A10B25 /* TumblrImagesTests.swift in Sources */,
			);
			runOnlyForDeploymentPostprocessing = 0;
		};
		C9CE2D7B201FDA8900A10B25 /* Sources */ = {
			isa = PBXSourcesBuildPhase;
			buildActionMask = 2147483647;
			files = (
				C9CE2D84201FDA8900A10B25 /* TumblrImagesUITests.swift in Sources */,
			);
			runOnlyForDeploymentPostprocessing = 0;
		};
/* End PBXSourcesBuildPhase section */

/* Begin PBXTargetDependency section */
		C9CE2D76201FDA8900A10B25 /* PBXTargetDependency */ = {
			isa = PBXTargetDependency;
			target = C9CE2D5F201FDA8900A10B25 /* TumblrImages */;
			targetProxy = C9CE2D75201FDA8900A10B25 /* PBXContainerItemProxy */;
		};
		C9CE2D81201FDA8900A10B25 /* PBXTargetDependency */ = {
			isa = PBXTargetDependency;
			target = C9CE2D5F201FDA8900A10B25 /* TumblrImages */;
			targetProxy = C9CE2D80201FDA8900A10B25 /* PBXContainerItemProxy */;
		};
/* End PBXTargetDependency section */

/* Begin PBXVariantGroup section */
		C9CE2D67201FDA8900A10B25 /* Main.storyboard */ = {
			isa = PBXVariantGroup;
			children = (
				C9CE2D68201FDA8900A10B25 /* Base */,
			);
			name = Main.storyboard;
			sourceTree = "<group>";
		};
		C9CE2D6C201FDA8900A10B25 /* LaunchScreen.storyboard */ = {
			isa = PBXVariantGroup;
			children = (
				C9CE2D6D201FDA8900A10B25 /* Base */,
			);
			name = LaunchScreen.storyboard;
			sourceTree = "<group>";
		};
/* End PBXVariantGroup section */

/* Begin XCBuildConfiguration section */
		C9CE2D86201FDA8900A10B25 /* Debug */ = {
			isa = XCBuildConfiguration;
			buildSettings = {
				ALWAYS_SEARCH_USER_PATHS = NO;
				CLANG_ANALYZER_NONNULL = YES;
				CLANG_ANALYZER_NUMBER_OBJECT_CONVERSION = YES_AGGRESSIVE;
				CLANG_CXX_LANGUAGE_STANDARD = "gnu++14";
				CLANG_CXX_LIBRARY = "libc++";
				CLANG_ENABLE_MODULES = YES;
				CLANG_ENABLE_OBJC_ARC = YES;
				CLANG_WARN_BLOCK_CAPTURE_AUTORELEASING = YES;
				CLANG_WARN_BOOL_CONVERSION = YES;
				CLANG_WARN_COMMA = YES;
				CLANG_WARN_CONSTANT_CONVERSION = YES;
				CLANG_WARN_DIRECT_OBJC_ISA_USAGE = YES_ERROR;
				CLANG_WARN_DOCUMENTATION_COMMENTS = YES;
				CLANG_WARN_EMPTY_BODY = YES;
				CLANG_WARN_ENUM_CONVERSION = YES;
				CLANG_WARN_INFINITE_RECURSION = YES;
				CLANG_WARN_INT_CONVERSION = YES;
				CLANG_WARN_NON_LITERAL_NULL_CONVERSION = YES;
				CLANG_WARN_OBJC_LITERAL_CONVERSION = YES;
				CLANG_WARN_OBJC_ROOT_CLASS = YES_ERROR;
				CLANG_WARN_RANGE_LOOP_ANALYSIS = YES;
				CLANG_WARN_STRICT_PROTOTYPES = YES;
				CLANG_WARN_SUSPICIOUS_MOVE = YES;
				CLANG_WARN_UNGUARDED_AVAILABILITY = YES_AGGRESSIVE;
				CLANG_WARN_UNREACHABLE_CODE = YES;
				CLANG_WARN__DUPLICATE_METHOD_MATCH = YES;
				CODE_SIGN_IDENTITY = "iPhone Developer";
				COPY_PHASE_STRIP = NO;
				DEBUG_INFORMATION_FORMAT = dwarf;
				ENABLE_STRICT_OBJC_MSGSEND = YES;
				ENABLE_TESTABILITY = YES;
				GCC_C_LANGUAGE_STANDARD = gnu11;
				GCC_DYNAMIC_NO_PIC = NO;
				GCC_NO_COMMON_BLOCKS = YES;
				GCC_OPTIMIZATION_LEVEL = 0;
				GCC_PREPROCESSOR_DEFINITIONS = (
					"DEBUG=1",
					"$(inherited)",
				);
				GCC_WARN_64_TO_32_BIT_CONVERSION = YES;
				GCC_WARN_ABOUT_RETURN_TYPE = YES_ERROR;
				GCC_WARN_UNDECLARED_SELECTOR = YES;
				GCC_WARN_UNINITIALIZED_AUTOS = YES_AGGRESSIVE;
				GCC_WARN_UNUSED_FUNCTION = YES;
				GCC_WARN_UNUSED_VARIABLE = YES;
				IPHONEOS_DEPLOYMENT_TARGET = 11.2;
				MTL_ENABLE_DEBUG_INFO = YES;
				ONLY_ACTIVE_ARCH = YES;
				SDKROOT = iphoneos;
				SWIFT_ACTIVE_COMPILATION_CONDITIONS = DEBUG;
				SWIFT_OPTIMIZATION_LEVEL = "-Onone";
			};
			name = Debug;
		};
		C9CE2D87201FDA8900A10B25 /* Release */ = {
			isa = XCBuildConfiguration;
			buildSettings = {
				ALWAYS_SEARCH_USER_PATHS = NO;
				CLANG_ANALYZER_NONNULL = YES;
				CLANG_ANALYZER_NUMBER_OBJECT_CONVERSION = YES_AGGRESSIVE;
				CLANG_CXX_LANGUAGE_STANDARD = "gnu++14";
				CLANG_CXX_LIBRARY = "libc++";
				CLANG_ENABLE_MODULES = YES;
				CLANG_ENABLE_OBJC_ARC = YES;
				CLANG_WARN_BLOCK_CAPTURE_AUTORELEASING = YES;
				CLANG_WARN_BOOL_CONVERSION = YES;
				CLANG_WARN_COMMA = YES;
				CLANG_WARN_CONSTANT_CONVERSION = YES;
				CLANG_WARN_DIRECT_OBJC_ISA_USAGE = YES_ERROR;
				CLANG_WARN_DOCUMENTATION_COMMENTS = YES;
				CLANG_WARN_EMPTY_BODY = YES;
				CLANG_WARN_ENUM_CONVERSION = YES;
				CLANG_WARN_INFINITE_RECURSION = YES;
				CLANG_WARN_INT_CONVERSION = YES;
				CLANG_WARN_NON_LITERAL_NULL_CONVERSION = YES;
				CLANG_WARN_OBJC_LITERAL_CONVERSION = YES;
				CLANG_WARN_OBJC_ROOT_CLASS = YES_ERROR;
				CLANG_WARN_RANGE_LOOP_ANALYSIS = YES;
				CLANG_WARN_STRICT_PROTOTYPES = YES;
				CLANG_WARN_SUSPICIOUS_MOVE = YES;
				CLANG_WARN_UNGUARDED_AVAILABILITY = YES_AGGRESSIVE;
				CLANG_WARN_UNREACHABLE_CODE = YES;
				CLANG_WARN__DUPLICATE_METHOD_MATCH = YES;
				CODE_SIGN_IDENTITY = "iPhone Developer";
				COPY_PHASE_STRIP = NO;
				DEBUG_INFORMATION_FORMAT = "dwarf-with-dsym";
				ENABLE_NS_ASSERTIONS = NO;
				ENABLE_STRICT_OBJC_MSGSEND = YES;
				GCC_C_LANGUAGE_STANDARD = gnu11;
				GCC_NO_COMMON_BLOCKS = YES;
				GCC_WARN_64_TO_32_BIT_CONVERSION = YES;
				GCC_WARN_ABOUT_RETURN_TYPE = YES_ERROR;
				GCC_WARN_UNDECLARED_SELECTOR = YES;
				GCC_WARN_UNINITIALIZED_AUTOS = YES_AGGRESSIVE;
				GCC_WARN_UNUSED_FUNCTION = YES;
				GCC_WARN_UNUSED_VARIABLE = YES;
				IPHONEOS_DEPLOYMENT_TARGET = 11.2;
				MTL_ENABLE_DEBUG_INFO = NO;
				SDKROOT = iphoneos;
				SWIFT_OPTIMIZATION_LEVEL = "-Owholemodule";
				VALIDATE_PRODUCT = YES;
			};
			name = Release;
		};
		C9CE2D89201FDA8900A10B25 /* Debug */ = {
			isa = XCBuildConfiguration;
			baseConfigurationReference = 65260D5A4A52A9FB8F511891 /* Pods-TumblrImages.debug.xcconfig */;
			buildSettings = {
				ASSETCATALOG_COMPILER_APPICON_NAME = AppIcon;
				CODE_SIGN_STYLE = Automatic;
				INFOPLIST_FILE = TumblrImages/Info.plist;
				LD_RUNPATH_SEARCH_PATHS = "$(inherited) @executable_path/Frameworks";
				PRODUCT_BUNDLE_IDENTIFIER = dmolina93.TumblrImages;
				PRODUCT_NAME = "$(TARGET_NAME)";
				SWIFT_VERSION = 4.0;
				TARGETED_DEVICE_FAMILY = "1,2";
			};
			name = Debug;
		};
		C9CE2D8A201FDA8900A10B25 /* Release */ = {
			isa = XCBuildConfiguration;
			baseConfigurationReference = F2C289CCD447DFAA7E2C8A59 /* Pods-TumblrImages.release.xcconfig */;
			buildSettings = {
				ASSETCATALOG_COMPILER_APPICON_NAME = AppIcon;
				CODE_SIGN_STYLE = Automatic;
				INFOPLIST_FILE = TumblrImages/Info.plist;
				LD_RUNPATH_SEARCH_PATHS = "$(inherited) @executable_path/Frameworks";
				PRODUCT_BUNDLE_IDENTIFIER = dmolina93.TumblrImages;
				PRODUCT_NAME = "$(TARGET_NAME)";
				SWIFT_VERSION = 4.0;
				TARGETED_DEVICE_FAMILY = "1,2";
			};
			name = Release;
		};
		C9CE2D8C201FDA8900A10B25 /* Debug */ = {
			isa = XCBuildConfiguration;
			baseConfigurationReference = DBAA72B565541B07A0C982BE /* Pods-TumblrImagesTests.debug.xcconfig */;
			buildSettings = {
				ALWAYS_EMBED_SWIFT_STANDARD_LIBRARIES = YES;
				BUNDLE_LOADER = "$(TEST_HOST)";
				CODE_SIGN_STYLE = Automatic;
				INFOPLIST_FILE = TumblrImagesTests/Info.plist;
				LD_RUNPATH_SEARCH_PATHS = "$(inherited) @executable_path/Frameworks @loader_path/Frameworks";
				PRODUCT_BUNDLE_IDENTIFIER = dmolina93.TumblrImagesTests;
				PRODUCT_NAME = "$(TARGET_NAME)";
				SWIFT_VERSION = 4.0;
				TARGETED_DEVICE_FAMILY = "1,2";
				TEST_HOST = "$(BUILT_PRODUCTS_DIR)/TumblrImages.app/TumblrImages";
			};
			name = Debug;
		};
		C9CE2D8D201FDA8900A10B25 /* Release */ = {
			isa = XCBuildConfiguration;
			baseConfigurationReference = 3376F9460ABF6EBDF7D7D4EA /* Pods-TumblrImagesTests.release.xcconfig */;
			buildSettings = {
				ALWAYS_EMBED_SWIFT_STANDARD_LIBRARIES = YES;
				BUNDLE_LOADER = "$(TEST_HOST)";
				CODE_SIGN_STYLE = Automatic;
				INFOPLIST_FILE = TumblrImagesTests/Info.plist;
				LD_RUNPATH_SEARCH_PATHS = "$(inherited) @executable_path/Frameworks @loader_path/Frameworks";
				PRODUCT_BUNDLE_IDENTIFIER = dmolina93.TumblrImagesTests;
				PRODUCT_NAME = "$(TARGET_NAME)";
				SWIFT_VERSION = 4.0;
				TARGETED_DEVICE_FAMILY = "1,2";
				TEST_HOST = "$(BUILT_PRODUCTS_DIR)/TumblrImages.app/TumblrImages";
			};
			name = Release;
		};
		C9CE2D8F201FDA8900A10B25 /* Debug */ = {
			isa = XCBuildConfiguration;
			baseConfigurationReference = ACCE47355D360A222FB1245B /* Pods-TumblrImagesUITests.debug.xcconfig */;
			buildSettings = {
				ALWAYS_EMBED_SWIFT_STANDARD_LIBRARIES = YES;
				CODE_SIGN_STYLE = Automatic;
				INFOPLIST_FILE = TumblrImagesUITests/Info.plist;
				LD_RUNPATH_SEARCH_PATHS = "$(inherited) @executable_path/Frameworks @loader_path/Frameworks";
				PRODUCT_BUNDLE_IDENTIFIER = dmolina93.TumblrImagesUITests;
				PRODUCT_NAME = "$(TARGET_NAME)";
				SWIFT_VERSION = 4.0;
				TARGETED_DEVICE_FAMILY = "1,2";
				TEST_TARGET_NAME = TumblrImages;
			};
			name = Debug;
		};
		C9CE2D90201FDA8900A10B25 /* Release */ = {
			isa = XCBuildConfiguration;
			baseConfigurationReference = AAA300C575EA8C81790AFC94 /* Pods-TumblrImagesUITests.release.xcconfig */;
			buildSettings = {
				ALWAYS_EMBED_SWIFT_STANDARD_LIBRARIES = YES;
				CODE_SIGN_STYLE = Automatic;
				INFOPLIST_FILE = TumblrImagesUITests/Info.plist;
				LD_RUNPATH_SEARCH_PATHS = "$(inherited) @executable_path/Frameworks @loader_path/Frameworks";
				PRODUCT_BUNDLE_IDENTIFIER = dmolina93.TumblrImagesUITests;
				PRODUCT_NAME = "$(TARGET_NAME)";
				SWIFT_VERSION = 4.0;
				TARGETED_DEVICE_FAMILY = "1,2";
				TEST_TARGET_NAME = TumblrImages;
			};
			name = Release;
		};
/* End XCBuildConfiguration section */

/* Begin XCConfigurationList section */
		C9CE2D5B201FDA8900A10B25 /* Build configuration list for PBXProject "TumblrImages" */ = {
			isa = XCConfigurationList;
			buildConfigurations = (
				C9CE2D86201FDA8900A10B25 /* Debug */,
				C9CE2D87201FDA8900A10B25 /* Release */,
			);
			defaultConfigurationIsVisible = 0;
			defaultConfigurationName = Release;
		};
		C9CE2D88201FDA8900A10B25 /* Build configuration list for PBXNativeTarget "TumblrImages" */ = {
			isa = XCConfigurationList;
			buildConfigurations = (
				C9CE2D89201FDA8900A10B25 /* Debug */,
				C9CE2D8A201FDA8900A10B25 /* Release */,
			);
			defaultConfigurationIsVisible = 0;
			defaultConfigurationName = Release;
		};
		C9CE2D8B201FDA8900A10B25 /* Build configuration list for PBXNativeTarget "TumblrImagesTests" */ = {
			isa = XCConfigurationList;
			buildConfigurations = (
				C9CE2D8C201FDA8900A10B25 /* Debug */,
				C9CE2D8D201FDA8900A10B25 /* Release */,
			);
			defaultConfigurationIsVisible = 0;
			defaultConfigurationName = Release;
		};
		C9CE2D8E201FDA8900A10B25 /* Build configuration list for PBXNativeTarget "TumblrImagesUITests" */ = {
			isa = XCConfigurationList;
			buildConfigurations = (
				C9CE2D8F201FDA8900A10B25 /* Debug */,
				C9CE2D90201FDA8900A10B25 /* Release */,
			);
			defaultConfigurationIsVisible = 0;
			defaultConfigurationName = Release;
		};
/* End XCConfigurationList section */
	};
	rootObject = C9CE2D58201FDA8900A10B25 /* Project object */;
}
